// !$*UTF8*$!
{
	archiveVersion = 1;
	classes = {
	};
	objectVersion = 110;
	objects = {

/* Begin PBXContainerItemProxy section */
		A35B8CE130591E8A00EB9B28 /* PBXContainerItemProxy */ = {
			isa = PBXContainerItemProxy;
			containerPortal = A35B8CCB30591E8800EB9B28 /* Project object */;
			proxyType = 1;
			remoteGlobalIDString = A35B8CD230591E8800EB9B28;
			remoteInfo = VisionBox;
		};
		A35B8CEB30591E8A00EB9B28 /* PBXContainerItemProxy */ = {
			isa = PBXContainerItemProxy;
			containerPortal = A35B8CCB30591E8800EB9B28 /* Project object */;
			proxyType = 1;
			remoteGlobalIDString = A35B8CD230591E8800EB9B28;
			remoteInfo = VisionBox;
		};
/* End PBXContainerItemProxy section */

/* Begin PBXFileReference section */
		A35B8CD330591E8800EB9B28 /* VisionBox.app */ = {isa = PBXFileReference; explicitFileType = wrapper.application; includeInIndex = 0; path = VisionBox.app; sourceTree = BUILT_PRODUCTS_DIR; };
		A35B8CE030591E8A00EB9B28 /* VisionBoxTests.xctest */ = {isa = PBXFileReference; explicitFileType = wrapper.cfbundle; includeInIndex = 0; path = VisionBoxTests.xctest; sourceTree = BUILT_PRODUCTS_DIR; };
		A35B8CEA30591E8A00EB9B28 /* VisionBoxUITests.xctest */ = {isa = PBXFileReference; explicitFileType = wrapper.cfbundle; includeInIndex = 0; path = VisionBoxUITests.xctest; sourceTree = BUILT_PRODUCTS_DIR; };
/* End PBXFileReference section */

/* Begin PBXFileSystemSynchronizedRootGroup section */
		A35B8CD530591E8800EB9B28 /* VisionBox */ = {
			isa = PBXFileSystemSynchronizedRootGroup;
			path = VisionBox;
			sourceTree = "<group>";
		};
		A35B8CE330591E8A00EB9B28 /* VisionBoxTests */ = {
			isa = PBXFileSystemSynchronizedRootGroup;
			path = VisionBoxTests;
			sourceTree = "<group>";
		};
		A35B8CED30591E8A00EB9B28 /* VisionBoxUITests */ = {
			isa = PBXFileSystemSynchronizedRootGroup;
			path = VisionBoxUITests;
			sourceTree = "<group>";
		};
/* End PBXFileSystemSynchronizedRootGroup section */

/* Begin PBXFrameworksBuildPhase section */
		A35B8CD030591E8800EB9B28 /* Frameworks */ = {
			isa = PBXFrameworksBuildPhase;
			files = (
			);
		};
		A35B8CDD30591E8A00EB9B28 /* Frameworks */ = {
			isa = PBXFrameworksBuildPhase;
			files = (
			);
		};
		A35B8CE730591E8A00EB9B28 /* Frameworks */ = {
			isa = PBXFrameworksBuildPhase;
			files = (
			);
		};
/* End PBXFrameworksBuildPhase section */

/* Begin PBXGroup section */
		A35B8CCA30591E8800EB9B28 = {
			isa = PBXGroup;
			children = (
				A35B8CD530591E8800EB9B28 /* VisionBox */,
				A35B8CE330591E8A00EB9B28 /* VisionBoxTests */,
				A35B8CED30591E8A00EB9B28 /* VisionBoxUITests */,
				A35B8CD430591E8800EB9B28 /* Products */,
			);
			sourceTree = "<group>";
		};
		A35B8CD430591E8800EB9B28 /* Products */ = {
			isa = PBXGroup;
			children = (
				A35B8CD330591E8800EB9B28 /* VisionBox.app */,
				A35B8CE030591E8A00EB9B28 /* VisionBoxTests.xctest */,
				A35B8CEA30591E8A00EB9B28 /* VisionBoxUITests.xctest */,
			);
			name = Products;
			sourceTree = "<group>";
		};
/* End PBXGroup section */

/* Begin PBXNativeTarget section */
		A35B8CD230591E8800EB9B28 /* VisionBox */ = {
			isa = PBXNativeTarget;
			buildConfigurationList = A35B8CF230591E8A00EB9B28 /* Build configuration list for PBXNativeTarget "VisionBox" */;
			buildPhases = (
				A35B8CCF30591E8800EB9B28 /* Sources */,
				A35B8CD030591E8800EB9B28 /* Frameworks */,
				A35B8CD130591E8800EB9B28 /* Resources */,
			);
			buildRules = (
			);
			fileSystemSynchronizedGroups = (
				A35B8CD530591E8800EB9B28 /* VisionBox */,
			);
			name = VisionBox;
			productName = VisionBox;
			productReference = A35B8CD330591E8800EB9B28 /* VisionBox.app */;
			productType = "com.apple.product-type.application";
		};
		A35B8CDF30591E8A00EB9B28 /* VisionBoxTests */ = {
			isa = PBXNativeTarget;
			buildConfigurationList = A35B8CF530591E8A00EB9B28 /* Build configuration list for PBXNativeTarget "VisionBoxTests" */;
			buildPhases = (
				A35B8CDC30591E8A00EB9B28 /* Sources */,
				A35B8CDD30591E8A00EB9B28 /* Frameworks */,
				A35B8CDE30591E8A00EB9B28 /* Resources */,
			);
			buildRules = (
			);
			dependencies = (
				A35B8CE230591E8A00EB9B28 /* PBXTargetDependency */,
			);
			fileSystemSynchronizedGroups = (
				A35B8CE330591E8A00EB9B28 /* VisionBoxTests */,
			);
			name = VisionBoxTests;
			productName = VisionBoxTests;
			productReference = A35B8CE030591E8A00EB9B28 /* VisionBoxTests.xctest */;
			productType = "com.apple.product-type.bundle.unit-test";
		};
		A35B8CE930591E8A00EB9B28 /* VisionBoxUITests */ = {
			isa = PBXNativeTarget;
			buildConfigurationList = A35B8CF830591E8A00EB9B28 /* Build configuration list for PBXNativeTarget "VisionBoxUITests" */;
			buildPhases = (
				A35B8CE630591E8A00EB9B28 /* Sources */,
				A35B8CE730591E8A00EB9B28 /* Frameworks */,
				A35B8CE830591E8A00EB9B28 /* Resources */,
			);
			buildRules = (
			);
			dependencies = (
				A35B8CEC30591E8A00EB9B28 /* PBXTargetDependency */,
			);
			fileSystemSynchronizedGroups = (
				A35B8CED30591E8A00EB9B28 /* VisionBoxUITests */,
			);
			name = VisionBoxUITests;
			productName = VisionBoxUITests;
			productReference = A35B8CEA30591E8A00EB9B28 /* VisionBoxUITests.xctest */;
			productType = "com.apple.product-type.bundle.ui-testing";
		};
/* End PBXNativeTarget section */

/* Begin PBXProject section */
		A35B8CCB30591E8800EB9B28 /* Project object */ = {
			isa = PBXProject;
			attributes = {
				BuildIndependentTargetsInParallel = 1;
				LastSwiftUpdateCheck = 2700;
				LastUpgradeCheck = 2700;
				TargetAttributes = {
					A35B8CD230591E8800EB9B28 = {
						CreatedOnToolsVersion = 27.0;
					};
					A35B8CDF30591E8A00EB9B28 = {
						CreatedOnToolsVersion = 27.0;
						TestTargetID = A35B8CD230591E8800EB9B28;
					};
					A35B8CE930591E8A00EB9B28 = {
						CreatedOnToolsVersion = 27.0;
						TestTargetID = A35B8CD230591E8800EB9B28;
					};
				};
			};
			buildConfigurationList = A35B8CCE30591E8800EB9B28 /* Build configuration list for PBXProject "VisionBox" */;
			developmentRegion = en;
			hasScannedForEncodings = 0;
			knownRegions = (
				en,
				Base,
			);
			mainGroup = A35B8CCA30591E8800EB9B28;
			minimizedProjectReferenceProxies = 1;
			preferredProjectObjectVersion = 77;
			productRefGroup = A35B8CD430591E8800EB9B28 /* Products */;
			projectDirPath = "";
			projectRoot = "";
			targets = (
				A35B8CD230591E8800EB9B28 /* VisionBox */,
				A35B8CDF30591E8A00EB9B28 /* VisionBoxTests */,
				A35B8CE930591E8A00EB9B28 /* VisionBoxUITests */,
			);
		};
/* End PBXProject section */

/* Begin PBXResourcesBuildPhase section */
		A35B8CD130591E8800EB9B28 /* Resources */ = {
			isa = PBXResourcesBuildPhase;
			files = (
			);
		};
		A35B8CDE30591E8A00EB9B28 /* Resources */ = {
			isa = PBXResourcesBuildPhase;
			files = (
			);
		};
		A35B8CE830591E8A00EB9B28 /* Resources */ = {
			isa = PBXResourcesBuildPhase;
			files = (
			);
		};
/* End PBXResourcesBuildPhase section */

/* Begin PBXSourcesBuildPhase section */
		A35B8CCF30591E8800EB9B28 /* Sources */ = {
			isa = PBXSourcesBuildPhase;
			files = (
			);
		};
		A35B8CDC30591E8A00EB9B28 /* Sources */ = {
			isa = PBXSourcesBuildPhase;
			files = (
			);
		};
		A35B8CE630591E8A00EB9B28 /* Sources */ = {
			isa = PBXSourcesBuildPhase;
			files = (
			);
		};
/* End PBXSourcesBuildPhase section */

/* Begin PBXTargetDependency section */
		A35B8CE230591E8A00EB9B28 /* PBXTargetDependency */ = {
			isa = PBXTargetDependency;
			target = A35B8CD230591E8800EB9B28 /* VisionBox */;
			targetProxy = A35B8CE130591E8A00EB9B28 /* PBXContainerItemProxy */;
		};
		A35B8CEC30591E8A00EB9B28 /* PBXTargetDependency */ = {
			isa = PBXTargetDependency;
			target = A35B8CD230591E8800EB9B28 /* VisionBox */;
			targetProxy = A35B8CEB30591E8A00EB9B28 /* PBXContainerItemProxy */;
		};
/* End PBXTargetDependency section */

/* Begin XCBuildConfiguration section */
		A35B8CF030591E8A00EB9B28 /* Debug configuration for PBXProject "VisionBox" */ = {
			isa = XCBuildConfiguration;
			buildSettings = {
				ALWAYS_SEARCH_USER_PATHS = NO;
				ASSETCATALOG_COMPILER_GENERATE_SWIFT_ASSET_SYMBOL_EXTENSIONS = YES;
				CLANG_ANALYZER_NONNULL = YES;
				CLANG_ANALYZER_NUMBER_OBJECT_CONVERSION = YES_AGGRESSIVE;
				CLANG_CXX_LANGUAGE_STANDARD = "gnu++20";
				CLANG_ENABLE_MODULES = YES;
				CLANG_ENABLE_OBJC_ARC = YES;
				CLANG_ENABLE_OBJC_WEAK = YES;
				CLANG_WARN_BLOCK_CAPTURE_AUTORELEASING = YES;
				CLANG_WARN_BOOL_CONVERSION = YES;
				CLANG_WARN_COMMA = YES;
				CLANG_WARN_CONSTANT_CONVERSION = YES;
				CLANG_WARN_DEPRECATED_OBJC_IMPLEMENTATIONS = YES;
				CLANG_WARN_DIRECT_OBJC_ISA_USAGE = YES_ERROR;
				CLANG_WARN_DOCUMENTATION_COMMENTS = YES;
				CLANG_WARN_EMPTY_BODY = YES;
				CLANG_WARN_ENUM_CONVERSION = YES;
				CLANG_WARN_INFINITE_RECURSION = YES;
				CLANG_WARN_INT_CONVERSION = YES;
				CLANG_WARN_NON_LITERAL_NULL_CONVERSION = YES;
				CLANG_WARN_OBJC_IMPLICIT_RETAIN_SELF = YES;
				CLANG_WARN_OBJC_LITERAL_CONVERSION = YES;
				CLANG_WARN_OBJC_ROOT_CLASS = YES_ERROR;
				CLANG_WARN_QUOTED_INCLUDE_IN_FRAMEWORK_HEADER = YES;
				CLANG_WARN_RANGE_LOOP_ANALYSIS = YES;
				CLANG_WARN_STRICT_PROTOTYPES = YES;
				CLANG_WARN_SUSPICIOUS_MOVE = YES;
				CLANG_WARN_UNGUARDED_AVAILABILITY = YES_AGGRESSIVE;
				CLANG_WARN_UNREACHABLE_CODE = YES;
				CLANG_WARN__DUPLICATE_METHOD_MATCH = YES;
				COPY_PHASE_STRIP = NO;
				DEBUG_INFORMATION_FORMAT = dwarf;
				DEVELOPMENT_TEAM = 6WG22898H7;
				ENABLE_STRICT_OBJC_MSGSEND = YES;
				ENABLE_TESTABILITY = YES;
				ENABLE_USER_SCRIPT_SANDBOXING = YES;
				GCC_C_LANGUAGE_STANDARD = gnu17;
				GCC_DYNAMIC_NO_PIC = NO;
				GCC_NO_COMMON_BLOCKS = YES;
				GCC_OPTIMIZATION_LEVEL = 0;
				GCC_PREPROCESSOR_DEFINITIONS = (
					"DEBUG=1",
					"$(inherited)",
				);
				GCC_WARN_64_TO_32_BIT_CONVERSION = YES;
				GCC_WARN_ABOUT_RETURN_TYPE = YES_ERROR;
				GCC_WARN_UNDECLARED_SELECTOR = YES;
				GCC_WARN_UNINITIALIZED_AUTOS = YES_AGGRESSIVE;
				GCC_WARN_UNUSED_FUNCTION = YES;
				GCC_WARN_UNUSED_VARIABLE = YES;
				IPHONEOS_DEPLOYMENT_TARGET = 27.0;
				LOCALIZATION_PREFERS_STRING_CATALOGS = YES;
				MTL_ENABLE_DEBUG_INFO = INCLUDE_SOURCE;
				MTL_FAST_MATH = YES;
				ONLY_ACTIVE_ARCH = YES;
				SDKROOT = iphoneos;
				SWIFT_ACTIVE_COMPILATION_CONDITIONS = "DEBUG $(inherited)";
				SWIFT_OPTIMIZATION_LEVEL = "-Onone";
			};
			name = Debug;
		};
		A35B8CF130591E8A00EB9B28 /* Release configuration for PBXProject "VisionBox" */ = {
			isa = XCBuildConfiguration;
			buildSettings = {
				ALWAYS_SEARCH_USER_PATHS = NO;
				ASSETCATALOG_COMPILER_GENERATE_SWIFT_ASSET_SYMBOL_EXTENSIONS = YES;
				CLANG_ANALYZER_NONNULL = YES;
				CLANG_ANALYZER_NUMBER_OBJECT_CONVERSION = YES_AGGRESSIVE;
				CLANG_CXX_LANGUAGE_STANDARD = "gnu++20";
				CLANG_ENABLE_MODULES = YES;
				CLANG_ENABLE_OBJC_ARC = YES;
				CLANG_ENABLE_OBJC_WEAK = YES;
				CLANG_WARN_BLOCK_CAPTURE_AUTORELEASING = YES;
				CLANG_WARN_BOOL_CONVERSION = YES;
				CLANG_WARN_COMMA = YES;
				CLANG_WARN_CONSTANT_CONVERSION = YES;
				CLANG_WARN_DEPRECATED_OBJC_IMPLEMENTATIONS = YES;
				CLANG_WARN_DIRECT_OBJC_ISA_USAGE = YES_ERROR;
				CLANG_WARN_DOCUMENTATION_COMMENTS = YES;
				CLANG_WARN_EMPTY_BODY = YES;
				CLANG_WARN_ENUM_CONVERSION = YES;
				CLANG_WARN_INFINITE_RECURSION = YES;
				CLANG_WARN_INT_CONVERSION = YES;
				CLANG_WARN_NON_LITERAL_NULL_CONVERSION = YES;
				CLANG_WARN_OBJC_IMPLICIT_RETAIN_SELF = YES;
				CLANG_WARN_OBJC_LITERAL_CONVERSION = YES;
				CLANG_WARN_OBJC_ROOT_CLASS = YES_ERROR;
				CLANG_WARN_QUOTED_INCLUDE_IN_FRAMEWORK_HEADER = YES;
				CLANG_WARN_RANGE_LOOP_ANALYSIS = YES;
				CLANG_WARN_STRICT_PROTOTYPES = YES;
				CLANG_WARN_SUSPICIOUS_MOVE = YES;
				CLANG_WARN_UNGUARDED_AVAILABILITY = YES_AGGRESSIVE;
				CLANG_WARN_UNREACHABLE_CODE = YES;
				CLANG_WARN__DUPLICATE_METHOD_MATCH = YES;
				COPY_PHASE_STRIP = NO;
				DEBUG_INFORMATION_FORMAT = "dwarf-with-dsym";
				DEVELOPMENT_TEAM = 6WG22898H7;
				ENABLE_NS_ASSERTIONS = NO;
				ENABLE_STRICT_OBJC_MSGSEND = YES;
				ENABLE_USER_SCRIPT_SANDBOXING = YES;
				GCC_C_LANGUAGE_STANDARD = gnu17;
				GCC_NO_COMMON_BLOCKS = YES;
				GCC_WARN_64_TO_32_BIT_CONVERSION = YES;
				GCC_WARN_ABOUT_RETURN_TYPE = YES_ERROR;
				GCC_WARN_UNDECLARED_SELECTOR = YES;
				GCC_WARN_UNINITIALIZED_AUTOS = YES_AGGRESSIVE;
				GCC_WARN_UNUSED_FUNCTION = YES;
				GCC_WARN_UNUSED_VARIABLE = YES;
				IPHONEOS_DEPLOYMENT_TARGET = 27.0;
				LOCALIZATION_PREFERS_STRING_CATALOGS = YES;
				MTL_ENABLE_DEBUG_INFO = NO;
				MTL_FAST_MATH = YES;
				SDKROOT = iphoneos;
				SWIFT_COMPILATION_MODE = wholemodule;
				VALIDATE_PRODUCT = YES;
			};
			name = Release;
		};
		A35B8CF330591E8A00EB9B28 /* Debug configuration for PBXNativeTarget "VisionBox" */ = {
			isa = XCBuildConfiguration;
			buildSettings = {
				ASSETCATALOG_COMPILER_APPICON_NAME = AppIcon;
				ASSETCATALOG_COMPILER_GLOBAL_ACCENT_COLOR_NAME = AccentColor;
				CODE_SIGN_STYLE = Automatic;
				CURRENT_PROJECT_VERSION = 1;
				DEVELOPMENT_TEAM = 6WG22898H7;
				ENABLE_PREVIEWS = YES;
				GENERATE_INFOPLIST_FILE = YES;
				INFOPLIST_KEY_UIApplicationSceneManifest_Generation = YES;
				INFOPLIST_KEY_UIApplicationSupportsIndirectInputEvents = YES;
				INFOPLIST_KEY_UILaunchScreen_Generation = YES;
				INFOPLIST_KEY_UISupportedInterfaceOrientations_iPad = "UIInterfaceOrientationPortrait UIInterfaceOrientationPortraitUpsideDown UIInterfaceOrientationLandscapeLeft UIInterfaceOrientationLandscapeRight";
				INFOPLIST_KEY_UISupportedInterfaceOrientations_iPhone = "UIInterfaceOrientationPortrait UIInterfaceOrientationLandscapeLeft UIInterfaceOrientationLandscapeRight";
				LD_RUNPATH_SEARCH_PATHS = (
					"$(inherited)",
					"@executable_path/Frameworks",
				);
				MARKETING_VERSION = 1.0;
				PRODUCT_BUNDLE_IDENTIFIER = Luke.VisionBox;
				PRODUCT_NAME = "$(TARGET_NAME)";
				STRING_CATALOG_GENERATE_SYMBOLS = YES;
				SWIFT_APPROACHABLE_CONCURRENCY = YES;
				SWIFT_DEFAULT_ACTOR_ISOLATION = MainActor;
				SWIFT_EMIT_LOC_STRINGS = YES;
				SWIFT_UPCOMING_FEATURE_MEMBER_IMPORT_VISIBILITY = YES;
				SWIFT_VERSION = 5.0;
				TARGETED_DEVICE_FAMILY = "1,2";
			};
			name = Debug;
		};
		A35B8CF430591E8A00EB9B28 /* Release configuration for PBXNativeTarget "VisionBox" */ = {
			isa = XCBuildConfiguration;
			buildSettings = {
				ASSETCATALOG_COMPILER_APPICON_NAME = AppIcon;
				ASSETCATALOG_COMPILER_GLOBAL_ACCENT_COLOR_NAME = AccentColor;
				CODE_SIGN_STYLE = Automatic;
				CURRENT_PROJECT_VERSION = 1;
				DEVELOPMENT_TEAM = 6WG22898H7;
				ENABLE_PREVIEWS = YES;
				GENERATE_INFOPLIST_FILE = YES;
				INFOPLIST_KEY_UIApplicationSceneManifest_Generation = YES;
				INFOPLIST_KEY_UIApplicationSupportsIndirectInputEvents = YES;
				INFOPLIST_KEY_UILaunchScreen_Generation = YES;
				INFOPLIST_KEY_UISupportedInterfaceOrientations_iPad = "UIInterfaceOrientationPortrait UIInterfaceOrientationPortraitUpsideDown UIInterfaceOrientationLandscapeLeft UIInterfaceOrientationLandscapeRight";
				INFOPLIST_KEY_UISupportedInterfaceOrientations_iPhone = "UIInterfaceOrientationPortrait UIInterfaceOrientationLandscapeLeft UIInterfaceOrientationLandscapeRight";
				LD_RUNPATH_SEARCH_PATHS = (
					"$(inherited)",
					"@executable_path/Frameworks",
				);
				MARKETING_VERSION = 1.0;
				PRODUCT_BUNDLE_IDENTIFIER = Luke.VisionBox;
				PRODUCT_NAME = "$(TARGET_NAME)";
				STRING_CATALOG_GENERATE_SYMBOLS = YES;
				SWIFT_APPROACHABLE_CONCURRENCY = YES;
				SWIFT_DEFAULT_ACTOR_ISOLATION = MainActor;
				SWIFT_EMIT_LOC_STRINGS = YES;
				SWIFT_UPCOMING_FEATURE_MEMBER_IMPORT_VISIBILITY = YES;
				SWIFT_VERSION = 5.0;
				TARGETED_DEVICE_FAMILY = "1,2";
			};
			name = Release;
		};
		A35B8CF630591E8A00EB9B28 /* Debug configuration for PBXNativeTarget "VisionBoxTests" */ = {
			isa = XCBuildConfiguration;
			buildSettings = {
				BUNDLE_LOADER = "$(TEST_HOST)";
				CODE_SIGN_STYLE = Automatic;
				CURRENT_PROJECT_VERSION = 1;
				DEVELOPMENT_TEAM = 6WG22898H7;
				GENERATE_INFOPLIST_FILE = YES;
				IPHONEOS_DEPLOYMENT_TARGET = 27.0;
				MARKETING_VERSION = 1.0;
				PRODUCT_BUNDLE_IDENTIFIER = Luke.VisionBoxTests;
				PRODUCT_NAME = "$(TARGET_NAME)";
				STRING_CATALOG_GENERATE_SYMBOLS = NO;
				SWIFT_APPROACHABLE_CONCURRENCY = YES;
				SWIFT_EMIT_LOC_STRINGS = NO;
				SWIFT_UPCOMING_FEATURE_MEMBER_IMPORT_VISIBILITY = YES;
				SWIFT_VERSION = 5.0;
				TARGETED_DEVICE_FAMILY = "1,2";
				TEST_HOST = "$(BUILT_PRODUCTS_DIR)/VisionBox.app/$(BUNDLE_EXECUTABLE_FOLDER_PATH)/VisionBox";
			};
			name = Debug;
		};
		A35B8CF730591E8A00EB9B28 /* Release configuration for PBXNativeTarget "VisionBoxTests" */ = {
			isa = XCBuildConfiguration;
			buildSettings = {
				BUNDLE_LOADER = "$(TEST_HOST)";
				CODE_SIGN_STYLE = Automatic;
				CURRENT_PROJECT_VERSION = 1;
				DEVELOPMENT_TEAM = 6WG22898H7;
				GENERATE_INFOPLIST_FILE = YES;
				IPHONEOS_DEPLOYMENT_TARGET = 27.0;
				MARKETING_VERSION = 1.0;
				PRODUCT_BUNDLE_IDENTIFIER = Luke.VisionBoxTests;
				PRODUCT_NAME = "$(TARGET_NAME)";
				STRING_CATALOG_GENERATE_SYMBOLS = NO;
				SWIFT_APPROACHABLE_CONCURRENCY = YES;
				SWIFT_EMIT_LOC_STRINGS = NO;
				SWIFT_UPCOMING_FEATURE_MEMBER_IMPORT_VISIBILITY = YES;
				SWIFT_VERSION = 5.0;
				TARGETED_DEVICE_FAMILY = "1,2";
				TEST_HOST = "$(BUILT_PRODUCTS_DIR)/VisionBox.app/$(BUNDLE_EXECUTABLE_FOLDER_PATH)/VisionBox";
			};
			name = Release;
		};
		A35B8CF930591E8A00EB9B28 /* Debug configuration for PBXNativeTarget "VisionBoxUITests" */ = {
			isa = XCBuildConfiguration;
			buildSettings = {
				CODE_SIGN_STYLE = Automatic;
				CURRENT_PROJECT_VERSION = 1;
				DEVELOPMENT_TEAM = 6WG22898H7;
				GENERATE_INFOPLIST_FILE = YES;
				MARKETING_VERSION = 1.0;
				PRODUCT_BUNDLE_IDENTIFIER = Luke.VisionBoxUITests;
				PRODUCT_NAME = "$(TARGET_NAME)";
				STRING_CATALOG_GENERATE_SYMBOLS = NO;
				SWIFT_APPROACHABLE_CONCURRENCY = YES;
				SWIFT_EMIT_LOC_STRINGS = NO;
				SWIFT_UPCOMING_FEATURE_MEMBER_IMPORT_VISIBILITY = YES;
				SWIFT_VERSION = 5.0;
				TARGETED_DEVICE_FAMILY = "1,2";
				TEST_TARGET_NAME = VisionBox;
			};
			name = Debug;
		};
		A35B8CFA30591E8A00EB9B28 /* Release configuration for PBXNativeTarget "VisionBoxUITests" */ = {
			isa = XCBuildConfiguration;
			buildSettings = {
				CODE_SIGN_STYLE = Automatic;
				CURRENT_PROJECT_VERSION = 1;
				DEVELOPMENT_TEAM = 6WG22898H7;
				GENERATE_INFOPLIST_FILE = YES;
				MARKETING_VERSION = 1.0;
				PRODUCT_BUNDLE_IDENTIFIER = Luke.VisionBoxUITests;
				PRODUCT_NAME = "$(TARGET_NAME)";
				STRING_CATALOG_GENERATE_SYMBOLS = NO;
				SWIFT_APPROACHABLE_CONCURRENCY = YES;
				SWIFT_EMIT_LOC_STRINGS = NO;
				SWIFT_UPCOMING_FEATURE_MEMBER_IMPORT_VISIBILITY = YES;
				SWIFT_VERSION = 5.0;
				TARGETED_DEVICE_FAMILY = "1,2";
				TEST_TARGET_NAME = VisionBox;
			};
			name = Release;
		};
/* End XCBuildConfiguration section */

/* Begin XCConfigurationList section */
		A35B8CCE30591E8800EB9B28 /* Build configuration list for PBXProject "VisionBox" */ = {
			isa = XCConfigurationList;
			buildConfigurations = (
				A35B8CF030591E8A00EB9B28 /* Debug configuration for PBXProject "VisionBox" */,
				A35B8CF130591E8A00EB9B28 /* Release configuration for PBXProject "VisionBox" */,
			);
			defaultConfigurationName = Release;
		};
		A35B8CF230591E8A00EB9B28 /* Build configuration list for PBXNativeTarget "VisionBox" */ = {
			isa = XCConfigurationList;
			buildConfigurations = (
				A35B8CF330591E8A00EB9B28 /* Debug configuration for PBXNativeTarget "VisionBox" */,
				A35B8CF430591E8A00EB9B28 /* Release configuration for PBXNativeTarget "VisionBox" */,
			);
			defaultConfigurationName = Release;
		};
		A35B8CF530591E8A00EB9B28 /* Build configuration list for PBXNativeTarget "VisionBoxTests" */ = {
			isa = XCConfigurationList;
			buildConfigurations = (
				A35B8CF630591E8A00EB9B28 /* Debug configuration for PBXNativeTarget "VisionBoxTests" */,
				A35B8CF730591E8A00EB9B28 /* Release configuration for PBXNativeTarget "VisionBoxTests" */,
			);
			defaultConfigurationName = Release;
		};
		A35B8CF830591E8A00EB9B28 /* Build configuration list for PBXNativeTarget "VisionBoxUITests" */ = {
			isa = XCConfigurationList;
			buildConfigurations = (
				A35B8CF930591E8A00EB9B28 /* Debug configuration for PBXNativeTarget "VisionBoxUITests" */,
				A35B8CFA30591E8A00EB9B28 /* Release configuration for PBXNativeTarget "VisionBoxUITests" */,
			);
			defaultConfigurationName = Release;
		};
/* End XCConfigurationList section */
	};
	rootObject = A35B8CCB30591E8800EB9B28 /* Project object */;
	validationLevel = 1;
}
